lockfileVersion: '9.0'

settings:
  autoInstallPeers: true
  excludeLinksFromLockfile: false

importers:

  .:
    dependencies:
      ai:
        specifier: ^5.0.49
        version: 5.0.49(zod@4.1.11)
      zod:
        specifier: ^4.1.11
        version: 4.1.11

packages:

  '@ai-sdk/gateway@1.0.26':
    resolution: {integrity: sha512-AfTkubvvHU+soI5IdIpPvXgdnNy56Kt//vBJxYNQ0eGwlVhSQ/SkCVMdQxcVDvdTvlEO46MHKuPaZnQnT5Zgxw==}
    engines: {node: '>=18'}
    peerDependencies:
      zod: ^3.25.76 || ^4

  '@ai-sdk/provider-utils@3.0.9':
    resolution: {integrity: sha512-Pm571x5efqaI4hf9yW4KsVlDBDme8++UepZRnq+kqVBWWjgvGhQlzU8glaFq0YJEB9kkxZHbRRyVeHoV2sRYaQ==}
    engines: {node: '>=18'}
    peerDependencies:
      zod: ^3.25.76 || ^4

  '@ai-sdk/provider@2.0.0':
    resolution: {integrity: sha512-6o7Y2SeO9vFKB8lArHXehNuusnpddKPk7xqL7T2/b+OvXMRIXUO1rR4wcv1hAFUAT9avGZshty3Wlua/XA7TvA==}
    engines: {node: '>=18'}

  '@opentelemetry/api@1.9.0':
    resolution: {integrity: sha512-3giAOQvZiH5F9bMlMiv8+GSPMeqg0dbaeo58/0SlA9sxSqZhnUtxzX9/2FzyhS9sWQf5S0GJE0AKBrFqjpeYcg==}
    engines: {node: '>=8.0.0'}

  '@standard-schema/spec@1.0.0':
    resolution: {integrity: sha512-m2bOd0f2RT9k8QJx1JN85cZYyH1RqFBdlwtkSlf4tBDYLCiiZnv1fIIwacK6cqwXavOydf0NPToMQgpKq+dVlA==}

  ai@5.0.49:
    resolution: {integrity: sha512-7XVcmXbnAqG7waJqNcxKrzVW1Ck5fw4KhWxAyltKxnupOgFxH62ra1zEofym/KO3hPYq4aJ3/gTp1ZeLvlwLkQ==}
    engines: {node: '>=18'}
    peerDependencies:
      zod: ^3.25.76 || ^4

  eventsource-parser@3.0.6:
    resolution: {integrity: sha512-Vo1ab+QXPzZ4tCa8SwIHJFaSzy4R6SHf7BY79rFBDf0idraZWAkYrDjDj8uWaSm3S2TK+hJ7/t1CEmZ7jXw+pg==}
    engines: {node: '>=18.0.0'}

  json-schema@0.4.0:
    resolution: {integrity: sha512-es94M3nTIfsEPisRafak+HDLfHXnKBhV3vU5eqPcS3flIWqcxJWgXHXiey3YrpaNsanY5ei1VoYEbOzijuq9BA==}

  zod@4.1.11:
    resolution: {integrity: sha512-WPsqwxITS2tzx1bzhIKsEs19ABD5vmCVa4xBo2tq/SrV4RNZtfws1EnCWQXM6yh8bD08a1idvkB5MZSBiZsjwg==}

snapshots:

  '@ai-sdk/gateway@1.0.26(zod@4.1.11)':
    dependencies:
      '@ai-sdk/provider': 2.0.0
      '@ai-sdk/provider-utils': 3.0.9(zod@4.1.11)
      zod: 4.1.11

  '@ai-sdk/provider-utils@3.0.9(zod@4.1.11)':
    dependencies:
      '@ai-sdk/provider': 2.0.0
      '@standard-schema/spec': 1.0.0
      eventsource-parser: 3.0.6
      zod: 4.1.11

  '@ai-sdk/provider@2.0.0':
    dependencies:
      json-schema: 0.4.0

  '@opentelemetry/api@1.9.0': {}

  '@standard-schema/spec@1.0.0': {}

  ai@5.0.49(zod@4.1.11):
    dependencies:
      '@ai-sdk/gateway': 1.0.26(zod@4.1.11)
      '@ai-sdk/provider': 2.0.0
      '@ai-sdk/provider-utils': 3.0.9(zod@4.1.11)
      '@opentelemetry/api': 1.9.0
      zod: 4.1.11

  eventsource-parser@3.0.6: {}

  json-schema@0.4.0: {}

  zod@4.1.11: {}
